// !$*UTF8*$!
{
	archiveVersion = 1;
	classes = {
	};
	objectVersion = 46;
	objects = {

/* Begin PBXBuildFile section */
		4F0641121C09912100963D75 /* AppDelegate.swift in Sources */ = {isa = PBXBuildFile; fileRef = 4F0641111C09912100963D75 /* AppDelegate.swift */; };
		4F0641191C09912100963D75 /* Assets.xcassets in Resources */ = {isa = PBXBuildFile; fileRef = 4F0641181C09912100963D75 /* Assets.xcassets */; };
		4F06411C1C09912100963D75 /* LaunchScreen.storyboard in Resources */ = {isa = PBXBuildFile; fileRef = 4F06411A1C09912100963D75 /* LaunchScreen.storyboard */; };
		4F0641271C09912100963D75 /* LearningTableViewTests.swift in Sources */ = {isa = PBXBuildFile; fileRef = 4F0641261C09912100963D75 /* LearningTableViewTests.swift */; };
		4F0641321C09920700963D75 /* DataViewController.swift in Sources */ = {isa = PBXBuildFile; fileRef = 4F0641311C09920700963D75 /* DataViewController.swift */; };
		4F0641341C0993D200963D75 /* MainStoryboard.storyboard in Resources */ = {isa = PBXBuildFile; fileRef = 4F0641331C0993D200963D75 /* MainStoryboard.storyboard */; };
		4F3B349B1C0BFA7600C717AD /* DetailViewController.swift in Sources */ = {isa = PBXBuildFile; fileRef = 4F3B349A1C0BFA7600C717AD /* DetailViewController.swift */; };
/* End PBXBuildFile section */

/* Begin PBXContainerItemProxy section */
		4F0641231C09912100963D75 /* PBXContainerItemProxy */ = {
			isa = PBXContainerItemProxy;
			containerPortal = 4F0641061C09912000963D75 /* Project object */;
			proxyType = 1;
			remoteGlobalIDString = 4F06410D1C09912100963D75;
			remoteInfo = LearningTableView;
		};
/* End PBXContainerItemProxy section */

/* Begin PBXFileReference section */
		4F06410E1C09912100963D75 /* LearningTableView.app */ = {isa = PBXFileReference; explicitFileType = wrapper.application; includeInIndex = 0; path = LearningTableView.app; sourceTree = BUILT_PRODUCTS_DIR; };
		4F0641111C09912100963D75 /* AppDelegate.swift */ = {isa = PBXFileReference; lastKnownFileType = sourcecode.swift; path = AppDelegate.swift; sourceTree = "<group>"; };
		4F0641181C09912100963D75 /* Assets.xcassets */ = {isa = PBXFileReference; lastKnownFileType = folder.assetcatalog; path = Assets.xcassets; sourceTree = "<group>"; };
		4F06411B1C09912100963D75 /* Base */ = {isa = PBXFileReference; lastKnownFileType = file.storyboard; name = Base; path = Base.lproj/LaunchScreen.storyboard; sourceTree = "<group>"; };
		4F06411D1C09912100963D75 /* Info.plist */ = {isa = PBXFileReference; lastKnownFileType = text.plist.xml; path = Info.plist; sourceTree = "<group>"; };
		4F0641221C09912100963D75 /* LearningTableViewTests.xctest */ = {isa = PBXFileReference; explicitFileType = wrapper.cfbundle; includeInIndex = 0; path = LearningTableViewTests.xctest; sourceTree = BUILT_PRODUCTS_DIR; };
		4F0641261C09912100963D75 /* LearningTableViewTests.swift */ = {isa = PBXFileReference; lastKnownFileType = sourcecode.swift; path = LearningTableViewTests.swift; sourceTree = "<group>"; };
		4F0641281C09912100963D75 /* Info.plist */ = {isa = PBXFileReference; lastKnownFileType = text.plist.xml; path = Info.plist; sourceTree = "<group>"; };
		4F0641311C09920700963D75 /* DataViewController.swift */ = {isa = PBXFileReference; fileEncoding = 4; lastKnownFileType = sourcecode.swift; path = DataViewController.swift; sourceTree = "<group>"; };
		4F0641331C0993D200963D75 /* MainStoryboard.storyboard */ = {isa = PBXFileReference; fileEncoding = 4; lastKnownFileType = file.storyboard; path = MainStoryboard.storyboard; sourceTree = "<group>"; };
		4F3B349A1C0BFA7600C717AD /* DetailViewController.swift */ = {isa = PBXFileReference; fileEncoding = 4; lastKnownFileType = sourcecode.swift; path = DetailViewController.swift; sourceTree = "<group>"; };
/* End PBXFileReference section */

/* Begin PBXFrameworksBuildPhase section */
		4F06410B1C09912100963D75 /* Frameworks */ = {
			isa = PBXFrameworksBuildPhase;
			buildActionMask = 2147483647;
			files = (
			);
			runOnlyForDeploymentPostprocessing = 0;
		};
		4F06411F1C09912100963D75 /* Frameworks */ = {
			isa = PBXFrameworksBuildPhase;
			buildActionMask = 2147483647;
			files = (
			);
			runOnlyForDeploymentPostprocessing = 0;
		};
/* End PBXFrameworksBuildPhase section */

/* Begin PBXGroup section */
		4F0641051C09912000963D75 = {
			isa = PBXGroup;
			children = (
				4F0641101C09912100963D75 /* LearningTableView */,
				4F0641251C09912100963D75 /* LearningTableViewTests */,
				4F06410F1C09912100963D75 /* Products */,
			);
			sourceTree = "<group>";
		};
		4F06410F1C09912100963D75 /* Products */ = {
			isa = PBXGroup;
			children = (
				4F06410E1C09912100963D75 /* LearningTableView.app */,
				4F0641221C09912100963D75 /* LearningTableViewTests.xctest */,
			);
			name = Products;
			sourceTree = "<group>";
		};
		4F0641101C09912100963D75 /* LearningTableView */ = {
			isa = PBXGroup;
			children = (
				4F0641111C09912100963D75 /* AppDelegate.swift */,
				4F0641181C09912100963D75 /* Assets.xcassets */,
				4F06411A1C09912100963D75 /* LaunchScreen.storyboard */,
				4F06411D1C09912100963D75 /* Info.plist */,
				4F0641311C09920700963D75 /* DataViewController.swift */,
				4F0641331C0993D200963D75 /* MainStoryboard.storyboard */,
				4F3B349A1C0BFA7600C717AD /* DetailViewController.swift */,
			);
			path = LearningTableView;
			sourceTree = "<group>";
		};
		4F0641251C09912100963D75 /* LearningTableViewTests */ = {
			isa = PBXGroup;
			children = (
				4F0641261C09912100963D75 /* LearningTableViewTests.swift */,
				4F0641281C09912100963D75 /* Info.plist */,
			);
			path = LearningTableViewTests;
			sourceTree = "<group>";
		};
/* End PBXGroup section */

/* Begin PBXNativeTarget section */
		4F06410D1C09912100963D75 /* LearningTableView */ = {
			isa = PBXNativeTarget;
			buildConfigurationList = 4F06412B1C09912100963D75 /* Build configuration list for PBXNativeTarget "LearningTableView" */;
			buildPhases = (
				4F06410A1C09912100963D75 /* Sources */,
				4F06410B1C09912100963D75 /* Frameworks */,
				4F06410C1C09912100963D75 /* Resources */,
			);
			buildRules = (
			);
			dependencies = (
			);
			name = LearningTableView;
			productName = LearningTableView;
			productReference = 4F06410E1C09912100963D75 /* LearningTableView.app */;
			productType = "com.apple.product-type.application";
		};
		4F0641211C09912100963D75 /* LearningTableViewTests */ = {
			isa = PBXNativeTarget;
			buildConfigurationList = 4F06412E1C09912100963D75 /* Build configuration list for PBXNativeTarget "LearningTableViewTests" */;
			buildPhases = (
				4F06411E1C09912100963D75 /* Sources */,
				4F06411F1C09912100963D75 /* Frameworks */,
				4F0641201C09912100963D75 /* Resources */,
			);
			buildRules = (
			);
			dependencies = (
				4F0641241C09912100963D75 /* PBXTargetDependency */,
			);
			name = LearningTableViewTests;
			productName = LearningTableViewTests;
			productReference = 4F0641221C09912100963D75 /* LearningTableViewTests.xctest */;
			productType = "com.apple.product-type.bundle.unit-test";
		};
/* End PBXNativeTarget section */

/* Begin PBXProject section */
		4F0641061C09912000963D75 /* Project object */ = {
			isa = PBXProject;
			attributes = {
				LastSwiftUpdateCheck = 0710;
				LastUpgradeCheck = 0710;
				ORGANIZATIONNAME = PinRide;
				TargetAttributes = {
					4F06410D1C09912100963D75 = {
						CreatedOnToolsVersion = 7.1.1;
						DevelopmentTeam = YWVGA7ADES;
					};
					4F0641211C09912100963D75 = {
						CreatedOnToolsVersion = 7.1.1;
						DevelopmentTeam = YWVGA7ADES;
						TestTargetID = 4F06410D1C09912100963D75;
					};
				};
			};
			buildConfigurationList = 4F0641091C09912000963D75 /* Build configuration list for PBXProject "LearningTableView" */;
			compatibilityVersion = "Xcode 3.2";
			developmentRegion = English;
			hasScannedForEncodings = 0;
			knownRegions = (
				en,
				Base,
			);
			mainGroup = 4F0641051C09912000963D75;
			productRefGroup = 4F06410F1C09912100963D75 /* Products */;
			projectDirPath = "";
			projectRoot = "";
			targets = (
				4F06410D1C09912100963D75 /* LearningTableView */,
				4F0641211C09912100963D75 /* LearningTableViewTests */,
			);
		};
/* End PBXProject section */

/* Begin PBXResourcesBuildPhase section */
		4F06410C1C09912100963D75 /* Resources */ = {
			isa = PBXResourcesBuildPhase;
			buildActionMask = 2147483647;
			files = (
				4F0641341C0993D200963D75 /* MainStoryboard.storyboard in Resources */,
				4F06411C1C09912100963D75 /* LaunchScreen.storyboard in Resources */,
				4F0641191C09912100963D75 /* Assets.xcassets in Resources */,
			);
			runOnlyForDeploymentPostprocessing = 0;
		};
		4F0641201C09912100963D75 /* Resources */ = {
			isa = PBXResourcesBuildPhase;
			buildActionMask = 2147483647;
			files = (
			);
			runOnlyForDeploymentPostprocessing = 0;
		};
/* End PBXResourcesBuildPhase section */

/* Begin PBXSourcesBuildPhase section */
		4F06410A1C09912100963D75 /* Sources */ = {
			isa = PBXSourcesBuildPhase;
			buildActionMask = 2147483647;
			files = (
				4F3B349B1C0BFA7600C717AD /* DetailViewController.swift in Sources */,
				4F0641321C09920700963D75 /* DataViewController.swift in Sources */,
				4F0641121C09912100963D75 /* AppDelegate.swift in Sources */,
			);
			runOnlyForDeploymentPostprocessing = 0;
		};
		4F06411E1C09912100963D75 /* Sources */ = {
			isa = PBXSourcesBuildPhase;
			buildActionMask = 2147483647;
			files = (
				4F0641271C09912100963D75 /* LearningTableViewTests.swift in Sources */,
			);
			runOnlyForDeploymentPostprocessing = 0;
		};
/* End PBXSourcesBuildPhase section */

/* Begin PBXTargetDependency section */
		4F0641241C09912100963D75 /* PBXTargetDependency */ = {
			isa = PBXTargetDependency;
			target = 4F06410D1C09912100963D75 /* LearningTableView */;
			targetProxy = 4F0641231C09912100963D75 /* PBXContainerItemProxy */;
		};
/* End PBXTargetDependency section */

/* Begin PBXVariantGroup section */
		4F06411A1C09912100963D75 /* LaunchScreen.storyboard */ = {
			isa = PBXVariantGroup;
			children = (
				4F06411B1C09912100963D75 /* Base */,
			);
			name = LaunchScreen.storyboard;
			sourceTree = "<group>";
		};
/* End PBXVariantGroup section */

/* Begin XCBuildConfiguration section */
		4F0641291C09912100963D75 /* Debug */ = {
			isa = XCBuildConfiguration;
			buildSettings = {
				ALWAYS_SEARCH_USER_PATHS = NO;
				CLANG_CXX_LANGUAGE_STANDARD = "gnu++0x";
				CLANG_CXX_LIBRARY = "libc++";
				CLANG_ENABLE_MODULES = YES;
				CLANG_ENABLE_OBJC_ARC = YES;
				CLANG_WARN_BOOL_CONVERSION = YES;
				CLANG_WARN_CONSTANT_CONVERSION = YES;
				CLANG_WARN_DIRECT_OBJC_ISA_USAGE = YES_ERROR;
				CLANG_WARN_EMPTY_BODY = YES;
				CLANG_WARN_ENUM_CONVERSION = YES;
				CLANG_WARN_INT_CONVERSION = YES;
				CLANG_WARN_OBJC_ROOT_CLASS = YES_ERROR;
				CLANG_WARN_UNREACHABLE_CODE = YES;
				CLANG_WARN__DUPLICATE_METHOD_MATCH = YES;
				"CODE_SIGN_IDENTITY[sdk=iphoneos*]" = "iPhone Developer";
				COPY_PHASE_STRIP = NO;
				DEBUG_INFORMATION_FORMAT = dwarf;
				ENABLE_STRICT_OBJC_MSGSEND = YES;
				ENABLE_TESTABILITY = YES;
				GCC_C_LANGUAGE_STANDARD = gnu99;
				GCC_DYNAMIC_NO_PIC = NO;
				GCC_NO_COMMON_BLOCKS = YES;
				GCC_OPTIMIZATION_LEVEL = 0;
				GCC_PREPROCESSOR_DEFINITIONS = (
					"DEBUG=1",
					"$(inherited)",
				);
				GCC_WARN_64_TO_32_BIT_CONVERSION = YES;
				GCC_WARN_ABOUT_RETURN_TYPE = YES_ERROR;
				GCC_WARN_UNDECLARED_SELECTOR = YES;
				GCC_WARN_UNINITIALIZED_AUTOS = YES_AGGRESSIVE;
				GCC_WARN_UNUSED_FUNCTION = YES;
				GCC_WARN_UNUSED_VARIABLE = YES;
				IPHONEOS_DEPLOYMENT_TARGET = 9.1;
				MTL_ENABLE_DEBUG_INFO = YES;
				ONLY_ACTIVE_ARCH = YES;
				SDKROOT = iphoneos;
				SWIFT_OPTIMIZATION_LEVEL = "-Onone";
				TARGETED_DEVICE_FAMILY = "1,2";
			};
			name = Debug;
		};
		4F06412A1C09912100963D75 /* Release */ = {
			isa = XCBuildConfiguration;
			buildSettings = {
				ALWAYS_SEARCH_USER_PATHS = NO;
				CLANG_CXX_LANGUAGE_STANDARD = "gnu++0x";
				CLANG_CXX_LIBRARY = "libc++";
				CLANG_ENABLE_MODULES = YES;
				CLANG_ENABLE_OBJC_ARC = YES;
				CLANG_WARN_BOOL_CONVERSION = YES;
				CLANG_WARN_CONSTANT_CONVERSION = YES;
				CLANG_WARN_DIRECT_OBJC_ISA_USAGE = YES_ERROR;
				CLANG_WARN_EMPTY_BODY = YES;
				CLANG_WARN_ENUM_CONVERSION = YES;
				CLANG_WARN_INT_CONVERSION = YES;
				CLANG_WARN_OBJC_ROOT_CLASS = YES_ERROR;
				CLANG_WARN_UNREACHABLE_CODE = YES;
				CLANG_WARN__DUPLICATE_METHOD_MATCH = YES;
				"CODE_SIGN_IDENTITY[sdk=iphoneos*]" = "iPhone Developer";
				COPY_PHASE_STRIP = NO;
				DEBUG_INFORMATION_FORMAT = "dwarf-with-dsym";
				ENABLE_NS_ASSERTIONS = NO;
				ENABLE_STRICT_OBJC_MSGSEND = YES;
				GCC_C_LANGUAGE_STANDARD = gnu99;
				GCC_NO_COMMON_BLOCKS = YES;
				GCC_WARN_64_TO_32_BIT_CONVERSION = YES;
				GCC_WARN_ABOUT_RETURN_TYPE = YES_ERROR;
				GCC_WARN_UNDECLARED_SELECTOR = YES;
				GCC_WARN_UNINITIALIZED_AUTOS = YES_AGGRESSIVE;
				GCC_WARN_UNUSED_FUNCTION = YES;
				GCC_WARN_UNUSED_VARIABLE = YES;
				IPHONEOS_DEPLOYMENT_TARGET = 9.1;
				MTL_ENABLE_DEBUG_INFO = NO;
				SDKROOT = iphoneos;
				TARGETED_DEVICE_FAMILY = "1,2";
				VALIDATE_PRODUCT = YES;
			};
			name = Release;
		};
		4F06412C1C09912100963D75 /* Debug */ = {
			isa = XCBuildConfiguration;
			buildSettings = {
				ASSETCATALOG_COMPILER_APPICON_NAME = AppIcon;
				INFOPLIST_FILE = LearningTableView/Info.plist;
				LD_RUNPATH_SEARCH_PATHS = "$(inherited) @executable_path/Frameworks";
				PRODUCT_BUNDLE_IDENTIFIER = com.pinbike.LearningTableView;
				PRODUCT_NAME = "$(TARGET_NAME)";
			};
			name = Debug;
		};
		4F06412D1C09912100963D75 /* Release */ = {
			isa = XCBuildConfiguration;
			buildSettings = {
				ASSETCATALOG_COMPILER_APPICON_NAME = AppIcon;
				INFOPLIST_FILE = LearningTableView/Info.plist;
				LD_RUNPATH_SEARCH_PATHS = "$(inherited) @executable_path/Frameworks";
				PRODUCT_BUNDLE_IDENTIFIER = com.pinbike.LearningTableView;
				PRODUCT_NAME = "$(TARGET_NAME)";
			};
			name = Release;
		};
		4F06412F1C09912100963D75 /* Debug */ = {
			isa = XCBuildConfiguration;
			buildSettings = {
				BUNDLE_LOADER = "$(TEST_HOST)";
				INFOPLIST_FILE = LearningTableViewTests/Info.plist;
				LD_RUNPATH_SEARCH_PATHS = "$(inherited) @executable_path/Frameworks @loader_path/Frameworks";
				PRODUCT_BUNDLE_IDENTIFIER = com.pinbike.LearningTableViewTests;
				PRODUCT_NAME = "$(TARGET_NAME)";
				TEST_HOST = "$(BUILT_PRODUCTS_DIR)/LearningTableView.app/LearningTableView";
			};
			name = Debug;
		};
		4F0641301C09912100963D75 /* Release */ = {
			isa = XCBuildConfiguration;
			buildSettings = {
				BUNDLE_LOADER = "$(TEST_HOST)";
				INFOPLIST_FILE = LearningTableViewTests/Info.plist;
				LD_RUNPATH_SEARCH_PATHS = "$(inherited) @executable_path/Frameworks @loader_path/Frameworks";
				PRODUCT_BUNDLE_IDENTIFIER = com.pinbike.LearningTableViewTests;
				PRODUCT_NAME = "$(TARGET_NAME)";
				TEST_HOST = "$(BUILT_PRODUCTS_DIR)/LearningTableView.app/LearningTableView";
			};
			name = Release;
		};
/* End XCBuildConfiguration section */

/* Begin XCConfigurationList section */
		4F0641091C09912000963D75 /* Build configuration list for PBXProject "LearningTableView" */ = {
			isa = XCConfigurationList;
			buildConfigurations = (
				4F0641291C09912100963D75 /* Debug */,
				4F06412A1C09912100963D75 /* Release */,
			);
			defaultConfigurationIsVisible = 0;
			defaultConfigurationName = Release;
		};
		4F06412B1C09912100963D75 /* Build configuration list for PBXNativeTarget "LearningTableView" */ = {
			isa = XCConfigurationList;
			buildConfigurations = (
				4F06412C1C09912100963D75 /* Debug */,
				4F06412D1C09912100963D75 /* Release */,
			);
			defaultConfigurationIsVisible = 0;
			defaultConfigurationName = Release;
		};
		4F06412E1C09912100963D75 /* Build configuration list for PBXNativeTarget "LearningTableViewTests" */ = {
			isa = XCConfigurationList;
			buildConfigurations = (
				4F06412F1C09912100963D75 /* Debug */,
				4F0641301C09912100963D75 /* Release */,
			);
			defaultConfigurationIsVisible = 0;
			defaultConfigurationName = Release;
		};
/* End XCConfigurationList section */
	};
	rootObject = 4F0641061C09912000963D75 /* Project object */;
}
